{
  "name": "wildclawbench-execute-general-e2e-workbuddy",
  "version": "0.3.0",
  "lockfileVersion": 3,
  "requires": true,
  "packages": {
    "": {
      "name": "wildclawbench-execute-general-e2e-workbuddy",
      "version": "0.3.0",
      "engines": {
        "node": ">=22.0.0"
      }
    }
  }
}
